{
  "name": "nuxt-cookie-storage",
  "version": "1.0.0",
  "lockfileVersion": 1,
  "requires": true,
  "dependencies": {
    "coffeescript": {
      "version": "2.2.1",
      "resolved": "https://registry.npmjs.org/coffeescript/-/coffeescript-2.2.1.tgz",
      "integrity": "sha512-UFSs0WDed7ZiQGtWZ401PZnlgnP5jtlr4Gk+aPMTIkFkKY6Kz2gRp+WIu0QzllR30nV2XheicAhKwDJQcor6lg==",
      "dev": true
    },
    "js-cookie": {
      "version": "2.2.0",
      "resolved": "https://registry.npmjs.org/js-cookie/-/js-cookie-2.2.0.tgz",
      "integrity": "sha1-Gywnmm7s44ChIWi5JIUmWzWx7/s="
    }
  }
}
